
Microsoft Visual Studio Solution File, Format Version 12.00
# Visual Studio Version 17
VisualStudioVersion = 17.8.34408.163
MinimumVisualStudioVersion = 10.0.40219.1
Project("{FAE04EC0-301F-11D3-BF4B-00C04F79EFBC}") = "SignaturePad", "SignaturePad\SignaturePad.csproj", "{B110F799-7CB5-4D59-ABEE-3CA820BAD7FB}"
EndProject
Global
	GlobalSection(SolutionConfigurationPlatforms) = preSolution
		Debug|Any CPU = Debug|Any CPU
		Release|Any CPU = Release|Any CPU
	EndGlobalSection
	GlobalSection(ProjectConfigurationPlatforms) = postSolution
		{B110F799-7CB5-4D59-ABEE-3CA820BAD7FB}.Debug|Any CPU.ActiveCfg = Debug|Any CPU
		{B110F799-7CB5-4D59-ABEE-3CA820BAD7FB}.Debug|Any CPU.Build.0 = Debug|Any CPU
		{B110F799-7CB5-4D59-ABEE-3CA820BAD7FB}.Debug|Any CPU.Deploy.0 = Debug|Any CPU
		{B110F799-7CB5-4D59-ABEE-3CA820BAD7FB}.Release|Any CPU.ActiveCfg = Release|Any CPU
		{B110F799-7CB5-4D59-ABEE-3CA820BAD7FB}.Release|Any CPU.Build.0 = Release|Any CPU
		{B110F799-7CB5-4D59-ABEE-3CA820BAD7FB}.Release|Any CPU.Deploy.0 = Release|Any CPU
	EndGlobalSection
	GlobalSection(SolutionProperties) = preSolution
		HideSolutionNode = FALSE
	EndGlobalSection
	GlobalSection(ExtensibilityGlobals) = postSolution
		SolutionGuid = {AA3021A7-CBE1-46C5-A269-8348A45A2D0D}
	EndGlobalSection
EndGlobal
